{
  "name": "rails_tdd",
  "version": "0.1.0",
  "lockfileVersion": 1,
  "requires": true,
  "dependencies": {
    "@rails/actioncable": {
      "version": "6.0.0-rc1",
      "resolved": "https://registry.npmjs.org/@rails/actioncable/-/actioncable-6.0.0-rc1.tgz",
      "integrity": "sha512-Yu+GYe87tTYcu7N2usTPAIdcTo9Flwp7/6BE7eaEJIF1IWGGvI4nLQ1wcA1RsLPO5tZ5jT+olZYFlu+QxdQo1g=="
    },
    "@rails/activestorage": {
      "version": "6.0.0-rc1",
      "resolved": "https://registry.npmjs.org/@rails/activestorage/-/activestorage-6.0.0-rc1.tgz",
      "integrity": "sha512-WPxMaYJkfWByIR1jeLxAe79dXocAz6+odoPS44t466+Pf+zh1/eckAsucP7egAgcRAczsrrHKtXWqCLEvzcAyA==",
      "requires": {
        "spark-md5": "^3.0.0"
      }
    },
    "@rails/ujs": {
      "version": "6.0.0-rc1",
      "resolved": "https://registry.npmjs.org/@rails/ujs/-/ujs-6.0.0-rc1.tgz",
      "integrity": "sha512-BpqXn2fTygDPRatrSVJ+DVaQnRJrwU82x2VvtEyY9crYmeUj0diJOrR/30MAXZ7u62zglniMEZFoajRB7JANLg=="
    },
    "spark-md5": {
      "version": "3.0.0",
      "resolved": "https://registry.npmjs.org/spark-md5/-/spark-md5-3.0.0.tgz",
      "integrity": "sha1-NyIifFTi+vJLHcbZM8wUTm9xv+8="
    },
    "turbolinks": {
      "version": "5.2.0",
      "resolved": "https://registry.npmjs.org/turbolinks/-/turbolinks-5.2.0.tgz",
      "integrity": "sha512-pMiez3tyBo6uRHFNNZoYMmrES/IaGgMhQQM+VFF36keryjb5ms0XkVpmKHkfW/4Vy96qiGW3K9bz0tF5sK9bBw=="
    }
  }
}
